
Microsoft Visual Studio Solution File, Format Version 11.00
# Visual Studio 2010
Project("{FAE04EC0-301F-11D3-BF4B-00C04F79EFBC}") = "DogSelectorSteve", "DogSelectorSteve\DogSelectorSteve.csproj", "{D89CD706-A24F-4F47-B13B-7229DF020B2E}"
EndProject
Global
	GlobalSection(SolutionConfigurationPlatforms) = preSolution
		Debug|Any CPU = Debug|Any CPU
		Release|Any CPU = Release|Any CPU
	EndGlobalSection
	GlobalSection(ProjectConfigurationPlatforms) = postSolution
		{D89CD706-A24F-4F47-B13B-7229DF020B2E}.Debug|Any CPU.ActiveCfg = Debug|Any CPU
		{D89CD706-A24F-4F47-B13B-7229DF020B2E}.Debug|Any CPU.Build.0 = Debug|Any CPU
		{D89CD706-A24F-4F47-B13B-7229DF020B2E}.Release|Any CPU.ActiveCfg = Release|Any CPU
		{D89CD706-A24F-4F47-B13B-7229DF020B2E}.Release|Any CPU.Build.0 = Release|Any CPU
	EndGlobalSection
	GlobalSection(SolutionProperties) = preSolution
		HideSolutionNode = FALSE
	EndGlobalSection
EndGlobal
